
Microsoft Visual Studio Solution File, Format Version 12.00
# Visual Studio Version 17
VisualStudioVersion = 17.12.35527.113 d17.12
MinimumVisualStudioVersion = 10.0.40219.1
Project("{FAE04EC0-301F-11D3-BF4B-00C04F79EFBC}") = "AuthApp.Domain", "AuthApp.Domain\AuthApp.Domain.csproj", "{AED11B1C-6576-4F0D-9216-F69364E7EF5A}"
EndProject
Project("{FAE04EC0-301F-11D3-BF4B-00C04F79EFBC}") = "AuthApp.Application", "AuthApp.Application\AuthApp.Application.csproj", "{03BA74A8-D46C-413A-867F-7844F5A2CEAE}"
EndProject
Project("{FAE04EC0-301F-11D3-BF4B-00C04F79EFBC}") = "AuthApp.Infrastructure", "AuthApp.Infrastructure\AuthApp.Infrastructure.csproj", "{08CD37EB-C7EC-4597-AD34-DA14AEFEE639}"
EndProject
Project("{FAE04EC0-301F-11D3-BF4B-00C04F79EFBC}") = "AuthApp.Presentation", "AuthApp.Presentation\AuthApp.Presentation.csproj", "{716380D5-1098-4E9C-B2FB-5BB4AABC75A1}"
EndProject
Global
	GlobalSection(SolutionConfigurationPlatforms) = preSolution
		Debug|Any CPU = Debug|Any CPU
		Release|Any CPU = Release|Any CPU
	EndGlobalSection
	GlobalSection(ProjectConfigurationPlatforms) = postSolution
		{AED11B1C-6576-4F0D-9216-F69364E7EF5A}.Debug|Any CPU.ActiveCfg = Debug|Any CPU
		{AED11B1C-6576-4F0D-9216-F69364E7EF5A}.Debug|Any CPU.Build.0 = Debug|Any CPU
		{AED11B1C-6576-4F0D-9216-F69364E7EF5A}.Release|Any CPU.ActiveCfg = Release|Any CPU
		{AED11B1C-6576-4F0D-9216-F69364E7EF5A}.Release|Any CPU.Build.0 = Release|Any CPU
		{03BA74A8-D46C-413A-867F-7844F5A2CEAE}.Debug|Any CPU.ActiveCfg = Debug|Any CPU
		{03BA74A8-D46C-413A-867F-7844F5A2CEAE}.Debug|Any CPU.Build.0 = Debug|Any CPU
		{03BA74A8-D46C-413A-867F-7844F5A2CEAE}.Release|Any CPU.ActiveCfg = Release|Any CPU
		{03BA74A8-D46C-413A-867F-7844F5A2CEAE}.Release|Any CPU.Build.0 = Release|Any CPU
		{08CD37EB-C7EC-4597-AD34-DA14AEFEE639}.Debug|Any CPU.ActiveCfg = Debug|Any CPU
		{08CD37EB-C7EC-4597-AD34-DA14AEFEE639}.Debug|Any CPU.Build.0 = Debug|Any CPU
		{08CD37EB-C7EC-4597-AD34-DA14AEFEE639}.Release|Any CPU.ActiveCfg = Release|Any CPU
		{08CD37EB-C7EC-4597-AD34-DA14AEFEE639}.Release|Any CPU.Build.0 = Release|Any CPU
		{716380D5-1098-4E9C-B2FB-5BB4AABC75A1}.Debug|Any CPU.ActiveCfg = Debug|Any CPU
		{716380D5-1098-4E9C-B2FB-5BB4AABC75A1}.Debug|Any CPU.Build.0 = Debug|Any CPU
		{716380D5-1098-4E9C-B2FB-5BB4AABC75A1}.Release|Any CPU.ActiveCfg = Release|Any CPU
		{716380D5-1098-4E9C-B2FB-5BB4AABC75A1}.Release|Any CPU.Build.0 = Release|Any CPU
	EndGlobalSection
	GlobalSection(SolutionProperties) = preSolution
		HideSolutionNode = FALSE
	EndGlobalSection
EndGlobal
